// !$*UTF8*$!
{
	archiveVersion = 1;
	classes = {
	};
	objectVersion = 55;
	objects = {

/* Begin PBXBuildFile section */
		132F6B0629ACAEC700E9C767 /* ZaraApp.swift in Sources */ = {isa = PBXBuildFile; fileRef = 132F6B0529ACAEC700E9C767 /* ZaraApp.swift */; };
		132F6B0829ACAEC700E9C767 /* ContentView.swift in Sources */ = {isa = PBXBuildFile; fileRef = 132F6B0729ACAEC700E9C767 /* ContentView.swift */; };
		132F6B0A29ACAECA00E9C767 /* Assets.xcassets in Resources */ = {isa = PBXBuildFile; fileRef = 132F6B0929ACAECA00E9C767 /* Assets.xcassets */; };
		132F6B0D29ACAECA00E9C767 /* Preview Assets.xcassets in Resources */ = {isa = PBXBuildFile; fileRef = 132F6B0C29ACAECA00E9C767 /* Preview Assets.xcassets */; };
		132F6B1729ACAECA00E9C767 /* ZaraTests.swift in Sources */ = {isa = PBXBuildFile; fileRef = 132F6B1629ACAECA00E9C767 /* ZaraTests.swift */; };
		132F6B2129ACAECA00E9C767 /* ZaraUITests.swift in Sources */ = {isa = PBXBuildFile; fileRef = 132F6B2029ACAECA00E9C767 /* ZaraUITests.swift */; };
		132F6B2329ACAECA00E9C767 /* ZaraUITestsLaunchTests.swift in Sources */ = {isa = PBXBuildFile; fileRef = 132F6B2229ACAECA00E9C767 /* ZaraUITestsLaunchTests.swift */; };
/* End PBXBuildFile section */

/* Begin PBXContainerItemProxy section */
		132F6B1329ACAECA00E9C767 /* PBXContainerItemProxy */ = {
			isa = PBXContainerItemProxy;
			containerPortal = 132F6AFA29ACAEC700E9C767 /* Project object */;
			proxyType = 1;
			remoteGlobalIDString = 132F6B0129ACAEC700E9C767;
			remoteInfo = Zara;
		};
		132F6B1D29ACAECA00E9C767 /* PBXContainerItemProxy */ = {
			isa = PBXContainerItemProxy;
			containerPortal = 132F6AFA29ACAEC700E9C767 /* Project object */;
			proxyType = 1;
			remoteGlobalIDString = 132F6B0129ACAEC700E9C767;
			remoteInfo = Zara;
		};
/* End PBXContainerItemProxy section */

/* Begin PBXFileReference section */
		132F6B0229ACAEC700E9C767 /* Zara.app */ = {isa = PBXFileReference; explicitFileType = wrapper.application; includeInIndex = 0; path = Zara.app; sourceTree = BUILT_PRODUCTS_DIR; };
		132F6B0529ACAEC700E9C767 /* ZaraApp.swift */ = {isa = PBXFileReference; lastKnownFileType = sourcecode.swift; path = ZaraApp.swift; sourceTree = "<group>"; };
		132F6B0729ACAEC700E9C767 /* ContentView.swift */ = {isa = PBXFileReference; lastKnownFileType = sourcecode.swift; path = ContentView.swift; sourceTree = "<group>"; };
		132F6B0929ACAECA00E9C767 /* Assets.xcassets */ = {isa = PBXFileReference; lastKnownFileType = folder.assetcatalog; path = Assets.xcassets; sourceTree = "<group>"; };
		132F6B0C29ACAECA00E9C767 /* Preview Assets.xcassets */ = {isa = PBXFileReference; lastKnownFileType = folder.assetcatalog; path = "Preview Assets.xcassets"; sourceTree = "<group>"; };
		132F6B1229ACAECA00E9C767 /* ZaraTests.xctest */ = {isa = PBXFileReference; explicitFileType = wrapper.cfbundle; includeInIndex = 0; path = ZaraTests.xctest; sourceTree = BUILT_PRODUCTS_DIR; };
		132F6B1629ACAECA00E9C767 /* ZaraTests.swift */ = {isa = PBXFileReference; lastKnownFileType = sourcecode.swift; path = ZaraTests.swift; sourceTree = "<group>"; };
		132F6B1C29ACAECA00E9C767 /* ZaraUITests.xctest */ = {isa = PBXFileReference; explicitFileType = wrapper.cfbundle; includeInIndex = 0; path = ZaraUITests.xctest; sourceTree = BUILT_PRODUCTS_DIR; };
		132F6B2029ACAECA00E9C767 /* ZaraUITests.swift */ = {isa = PBXFileReference; lastKnownFileType = sourcecode.swift; path = ZaraUITests.swift; sourceTree = "<group>"; };
		132F6B2229ACAECA00E9C767 /* ZaraUITestsLaunchTests.swift */ = {isa = PBXFileReference; lastKnownFileType = sourcecode.swift; path = ZaraUITestsLaunchTests.swift; sourceTree = "<group>"; };
/* End PBXFileReference section */

/* Begin PBXFrameworksBuildPhase section */
		132F6AFF29ACAEC700E9C767 /* Frameworks */ = {
			isa = PBXFrameworksBuildPhase;
			buildActionMask = 2147483647;
			files = (
			);
			runOnlyForDeploymentPostprocessing = 0;
		};
		132F6B0F29ACAECA00E9C767 /* Frameworks */ = {
			isa = PBXFrameworksBuildPhase;
			buildActionMask = 2147483647;
			files = (
			);
			runOnlyForDeploymentPostprocessing = 0;
		};
		132F6B1929ACAECA00E9C767 /* Frameworks */ = {
			isa = PBXFrameworksBuildPhase;
			buildActionMask = 2147483647;
			files = (
			);
			runOnlyForDeploymentPostprocessing = 0;
		};
/* End PBXFrameworksBuildPhase section */

/* Begin PBXGroup section */
		132F6AF929ACAEC700E9C767 = {
			isa = PBXGroup;
			children = (
				132F6B0429ACAEC700E9C767 /* Zara */,
				132F6B1529ACAECA00E9C767 /* ZaraTests */,
				132F6B1F29ACAECA00E9C767 /* ZaraUITests */,
				132F6B0329ACAEC700E9C767 /* Products */,
			);
			sourceTree = "<group>";
		};
		132F6B0329ACAEC700E9C767 /* Products */ = {
			isa = PBXGroup;
			children = (
				132F6B0229ACAEC700E9C767 /* Zara.app */,
				132F6B1229ACAECA00E9C767 /* ZaraTests.xctest */,
				132F6B1C29ACAECA00E9C767 /* ZaraUITests.xctest */,
			);
			name = Products;
			sourceTree = "<group>";
		};
		132F6B0429ACAEC700E9C767 /* Zara */ = {
			isa = PBXGroup;
			children = (
				132F6B0529ACAEC700E9C767 /* ZaraApp.swift */,
				132F6B0729ACAEC700E9C767 /* ContentView.swift */,
				132F6B0929ACAECA00E9C767 /* Assets.xcassets */,
				132F6B0B29ACAECA00E9C767 /* Preview Content */,
			);
			path = Zara;
			sourceTree = "<group>";
		};
		132F6B0B29ACAECA00E9C767 /* Preview Content */ = {
			isa = PBXGroup;
			children = (
				132F6B0C29ACAECA00E9C767 /* Preview Assets.xcassets */,
			);
			path = "Preview Content";
			sourceTree = "<group>";
		};
		132F6B1529ACAECA00E9C767 /* ZaraTests */ = {
			isa = PBXGroup;
			children = (
				132F6B1629ACAECA00E9C767 /* ZaraTests.swift */,
			);
			path = ZaraTests;
			sourceTree = "<group>";
		};
		132F6B1F29ACAECA00E9C767 /* ZaraUITests */ = {
			isa = PBXGroup;
			children = (
				132F6B2029ACAECA00E9C767 /* ZaraUITests.swift */,
				132F6B2229ACAECA00E9C767 /* ZaraUITestsLaunchTests.swift */,
			);
			path = ZaraUITests;
			sourceTree = "<group>";
		};
/* End PBXGroup section */

/* Begin PBXNativeTarget section */
		132F6B0129ACAEC700E9C767 /* Zara */ = {
			isa = PBXNativeTarget;
			buildConfigurationList = 132F6B2629ACAECA00E9C767 /* Build configuration list for PBXNativeTarget "Zara" */;
			buildPhases = (
				132F6AFE29ACAEC700E9C767 /* Sources */,
				132F6AFF29ACAEC700E9C767 /* Frameworks */,
				132F6B0029ACAEC700E9C767 /* Resources */,
			);
			buildRules = (
			);
			dependencies = (
			);
			name = Zara;
			productName = Zara;
			productReference = 132F6B0229ACAEC700E9C767 /* Zara.app */;
			productType = "com.apple.product-type.application";
		};
		132F6B1129ACAECA00E9C767 /* ZaraTests */ = {
			isa = PBXNativeTarget;
			buildConfigurationList = 132F6B2929ACAECA00E9C767 /* Build configuration list for PBXNativeTarget "ZaraTests" */;
			buildPhases = (
				132F6B0E29ACAECA00E9C767 /* Sources */,
				132F6B0F29ACAECA00E9C767 /* Frameworks */,
				132F6B1029ACAECA00E9C767 /* Resources */,
			);
			buildRules = (
			);
			dependencies = (
				132F6B1429ACAECA00E9C767 /* PBXTargetDependency */,
			);
			name = ZaraTests;
			productName = ZaraTests;
			productReference = 132F6B1229ACAECA00E9C767 /* ZaraTests.xctest */;
			productType = "com.apple.product-type.bundle.unit-test";
		};
		132F6B1B29ACAECA00E9C767 /* ZaraUITests */ = {
			isa = PBXNativeTarget;
			buildConfigurationList = 132F6B2C29ACAECA00E9C767 /* Build configuration list for PBXNativeTarget "ZaraUITests" */;
			buildPhases = (
				132F6B1829ACAECA00E9C767 /* Sources */,
				132F6B1929ACAECA00E9C767 /* Frameworks */,
				132F6B1A29ACAECA00E9C767 /* Resources */,
			);
			buildRules = (
			);
			dependencies = (
				132F6B1E29ACAECA00E9C767 /* PBXTargetDependency */,
			);
			name = ZaraUITests;
			productName = ZaraUITests;
			productReference = 132F6B1C29ACAECA00E9C767 /* ZaraUITests.xctest */;
			productType = "com.apple.product-type.bundle.ui-testing";
		};
/* End PBXNativeTarget section */

/* Begin PBXProject section */
		132F6AFA29ACAEC700E9C767 /* Project object */ = {
			isa = PBXProject;
			attributes = {
				BuildIndependentTargetsInParallel = 1;
				LastSwiftUpdateCheck = 1340;
				LastUpgradeCheck = 1340;
				TargetAttributes = {
					132F6B0129ACAEC700E9C767 = {
						CreatedOnToolsVersion = 13.4.1;
					};
					132F6B1129ACAECA00E9C767 = {
						CreatedOnToolsVersion = 13.4.1;
						TestTargetID = 132F6B0129ACAEC700E9C767;
					};
					132F6B1B29ACAECA00E9C767 = {
						CreatedOnToolsVersion = 13.4.1;
						TestTargetID = 132F6B0129ACAEC700E9C767;
					};
				};
			};
			buildConfigurationList = 132F6AFD29ACAEC700E9C767 /* Build configuration list for PBXProject "Zara" */;
			compatibilityVersion = "Xcode 13.0";
			developmentRegion = en;
			hasScannedForEncodings = 0;
			knownRegions = (
				en,
				Base,
			);
			mainGroup = 132F6AF929ACAEC700E9C767;
			productRefGroup = 132F6B0329ACAEC700E9C767 /* Products */;
			projectDirPath = "";
			projectRoot = "";
			targets = (
				132F6B0129ACAEC700E9C767 /* Zara */,
				132F6B1129ACAECA00E9C767 /* ZaraTests */,
				132F6B1B29ACAECA00E9C767 /* ZaraUITests */,
			);
		};
/* End PBXProject section */

/* Begin PBXResourcesBuildPhase section */
		132F6B0029ACAEC700E9C767 /* Resources */ = {
			isa = PBXResourcesBuildPhase;
			buildActionMask = 2147483647;
			files = (
				132F6B0D29ACAECA00E9C767 /* Preview Assets.xcassets in Resources */,
				132F6B0A29ACAECA00E9C767 /* Assets.xcassets in Resources */,
			);
			runOnlyForDeploymentPostprocessing = 0;
		};
		132F6B1029ACAECA00E9C767 /* Resources */ = {
			isa = PBXResourcesBuildPhase;
			buildActionMask = 2147483647;
			files = (
			);
			runOnlyForDeploymentPostprocessing = 0;
		};
		132F6B1A29ACAECA00E9C767 /* Resources */ = {
			isa = PBXResourcesBuildPhase;
			buildActionMask = 2147483647;
			files = (
			);
			runOnlyForDeploymentPostprocessing = 0;
		};
/* End PBXResourcesBuildPhase section */

/* Begin PBXSourcesBuildPhase section */
		132F6AFE29ACAEC700E9C767 /* Sources */ = {
			isa = PBXSourcesBuildPhase;
			buildActionMask = 2147483647;
			files = (
				132F6B0829ACAEC700E9C767 /* ContentView.swift in Sources */,
				132F6B0629ACAEC700E9C767 /* ZaraApp.swift in Sources */,
			);
			runOnlyForDeploymentPostprocessing = 0;
		};
		132F6B0E29ACAECA00E9C767 /* Sources */ = {
			isa = PBXSourcesBuildPhase;
			buildActionMask = 2147483647;
			files = (
				132F6B1729ACAECA00E9C767 /* ZaraTests.swift in Sources */,
			);
			runOnlyForDeploymentPostprocessing = 0;
		};
		132F6B1829ACAECA00E9C767 /* Sources */ = {
			isa = PBXSourcesBuildPhase;
			buildActionMask = 2147483647;
			files = (
				132F6B2329ACAECA00E9C767 /* ZaraUITestsLaunchTests.swift in Sources */,
				132F6B2129ACAECA00E9C767 /* ZaraUITests.swift in Sources */,
			);
			runOnlyForDeploymentPostprocessing = 0;
		};
/* End PBXSourcesBuildPhase section */

/* Begin PBXTargetDependency section */
		132F6B1429ACAECA00E9C767 /* PBXTargetDependency */ = {
			isa = PBXTargetDependency;
			target = 132F6B0129ACAEC700E9C767 /* Zara */;
			targetProxy = 132F6B1329ACAECA00E9C767 /* PBXContainerItemProxy */;
		};
		132F6B1E29ACAECA00E9C767 /* PBXTargetDependency */ = {
			isa = PBXTargetDependency;
			target = 132F6B0129ACAEC700E9C767 /* Zara */;
			targetProxy = 132F6B1D29ACAECA00E9C767 /* PBXContainerItemProxy */;
		};
/* End PBXTargetDependency section */

/* Begin XCBuildConfiguration section */
		132F6B2429ACAECA00E9C767 /* Debug */ = {
			isa = XCBuildConfiguration;
			buildSettings = {
				ALWAYS_SEARCH_USER_PATHS = NO;
				CLANG_ANALYZER_NONNULL = YES;
				CLANG_ANALYZER_NUMBER_OBJECT_CONVERSION = YES_AGGRESSIVE;
				CLANG_CXX_LANGUAGE_STANDARD = "gnu++17";
				CLANG_ENABLE_MODULES = YES;
				CLANG_ENABLE_OBJC_ARC = YES;
				CLANG_ENABLE_OBJC_WEAK = YES;
				CLANG_WARN_BLOCK_CAPTURE_AUTORELEASING = YES;
				CLANG_WARN_BOOL_CONVERSION = YES;
				CLANG_WARN_COMMA = YES;
				CLANG_WARN_CONSTANT_CONVERSION = YES;
				CLANG_WARN_DEPRECATED_OBJC_IMPLEMENTATIONS = YES;
				CLANG_WARN_DIRECT_OBJC_ISA_USAGE = YES_ERROR;
				CLANG_WARN_DOCUMENTATION_COMMENTS = YES;
				CLANG_WARN_EMPTY_BODY = YES;
				CLANG_WARN_ENUM_CONVERSION = YES;
				CLANG_WARN_INFINITE_RECURSION = YES;
				CLANG_WARN_INT_CONVERSION = YES;
				CLANG_WARN_NON_LITERAL_NULL_CONVERSION = YES;
				CLANG_WARN_OBJC_IMPLICIT_RETAIN_SELF = YES;
				CLANG_WARN_OBJC_LITERAL_CONVERSION = YES;
				CLANG_WARN_OBJC_ROOT_CLASS = YES_ERROR;
				CLANG_WARN_QUOTED_INCLUDE_IN_FRAMEWORK_HEADER = YES;
				CLANG_WARN_RANGE_LOOP_ANALYSIS = YES;
				CLANG_WARN_STRICT_PROTOTYPES = YES;
				CLANG_WARN_SUSPICIOUS_MOVE = YES;
				CLANG_WARN_UNGUARDED_AVAILABILITY = YES_AGGRESSIVE;
				CLANG_WARN_UNREACHABLE_CODE = YES;
				CLANG_WARN__DUPLICATE_METHOD_MATCH = YES;
				COPY_PHASE_STRIP = NO;
				DEBUG_INFORMATION_FORMAT = dwarf;
				ENABLE_STRICT_OBJC_MSGSEND = YES;
				ENABLE_TESTABILITY = YES;
				GCC_C_LANGUAGE_STANDARD = gnu11;
				GCC_DYNAMIC_NO_PIC = NO;
				GCC_NO_COMMON_BLOCKS = YES;
				GCC_OPTIMIZATION_LEVEL = 0;
				GCC_PREPROCESSOR_DEFINITIONS = (
					"DEBUG=1",
					"$(inherited)",
				);
				GCC_WARN_64_TO_32_BIT_CONVERSION = YES;
				GCC_WARN_ABOUT_RETURN_TYPE = YES_ERROR;
				GCC_WARN_UNDECLARED_SELECTOR = YES;
				GCC_WARN_UNINITIALIZED_AUTOS = YES_AGGRESSIVE;
				GCC_WARN_UNUSED_FUNCTION = YES;
				GCC_WARN_UNUSED_VARIABLE = YES;
				IPHONEOS_DEPLOYMENT_TARGET = 15.5;
				MTL_ENABLE_DEBUG_INFO = INCLUDE_SOURCE;
				MTL_FAST_MATH = YES;
				ONLY_ACTIVE_ARCH = YES;
				SDKROOT = iphoneos;
				SWIFT_ACTIVE_COMPILATION_CONDITIONS = DEBUG;
				SWIFT_OPTIMIZATION_LEVEL = "-Onone";
			};
			name = Debug;
		};
		132F6B2529ACAECA00E9C767 /* Release */ = {
			isa = XCBuildConfiguration;
			buildSettings = {
				ALWAYS_SEARCH_USER_PATHS = NO;
				CLANG_ANALYZER_NONNULL = YES;
				CLANG_ANALYZER_NUMBER_OBJECT_CONVERSION = YES_AGGRESSIVE;
				CLANG_CXX_LANGUAGE_STANDARD = "gnu++17";
				CLANG_ENABLE_MODULES = YES;
				CLANG_ENABLE_OBJC_ARC = YES;
				CLANG_ENABLE_OBJC_WEAK = YES;
				CLANG_WARN_BLOCK_CAPTURE_AUTORELEASING = YES;
				CLANG_WARN_BOOL_CONVERSION = YES;
				CLANG_WARN_COMMA = YES;
				CLANG_WARN_CONSTANT_CONVERSION = YES;
				CLANG_WARN_DEPRECATED_OBJC_IMPLEMENTATIONS = YES;
				CLANG_WARN_DIRECT_OBJC_ISA_USAGE = YES_ERROR;
				CLANG_WARN_DOCUMENTATION_COMMENTS = YES;
				CLANG_WARN_EMPTY_BODY = YES;
				CLANG_WARN_ENUM_CONVERSION = YES;
				CLANG_WARN_INFINITE_RECURSION = YES;
				CLANG_WARN_INT_CONVERSION = YES;
				CLANG_WARN_NON_LITERAL_NULL_CONVERSION = YES;
				CLANG_WARN_OBJC_IMPLICIT_RETAIN_SELF = YES;
				CLANG_WARN_OBJC_LITERAL_CONVERSION = YES;
				CLANG_WARN_OBJC_ROOT_CLASS = YES_ERROR;
				CLANG_WARN_QUOTED_INCLUDE_IN_FRAMEWORK_HEADER = YES;
				CLANG_WARN_RANGE_LOOP_ANALYSIS = YES;
				CLANG_WARN_STRICT_PROTOTYPES = YES;
				CLANG_WARN_SUSPICIOUS_MOVE = YES;
				CLANG_WARN_UNGUARDED_AVAILABILITY = YES_AGGRESSIVE;
				CLANG_WARN_UNREACHABLE_CODE = YES;
				CLANG_WARN__DUPLICATE_METHOD_MATCH = YES;
				COPY_PHASE_STRIP = NO;
				DEBUG_INFORMATION_FORMAT = "dwarf-with-dsym";
				ENABLE_NS_ASSERTIONS = NO;
				ENABLE_STRICT_OBJC_MSGSEND = YES;
				GCC_C_LANGUAGE_STANDARD = gnu11;
				GCC_NO_COMMON_BLOCKS = YES;
				GCC_WARN_64_TO_32_BIT_CONVERSION = YES;
				GCC_WARN_ABOUT_RETURN_TYPE = YES_ERROR;
				GCC_WARN_UNDECLARED_SELECTOR = YES;
				GCC_WARN_UNINITIALIZED_AUTOS = YES_AGGRESSIVE;
				GCC_WARN_UNUSED_FUNCTION = YES;
				GCC_WARN_UNUSED_VARIABLE = YES;
				IPHONEOS_DEPLOYMENT_TARGET = 15.5;
				MTL_ENABLE_DEBUG_INFO = NO;
				MTL_FAST_MATH = YES;
				SDKROOT = iphoneos;
				SWIFT_COMPILATION_MODE = wholemodule;
				SWIFT_OPTIMIZATION_LEVEL = "-O";
				VALIDATE_PRODUCT = YES;
			};
			name = Release;
		};
		132F6B2729ACAECA00E9C767 /* Debug */ = {
			isa = XCBuildConfiguration;
			buildSettings = {
				ASSETCATALOG_COMPILER_APPICON_NAME = AppIcon;
				ASSETCATALOG_COMPILER_GLOBAL_ACCENT_COLOR_NAME = AccentColor;
				CODE_SIGN_STYLE = Automatic;
				CURRENT_PROJECT_VERSION = 1;
				DEVELOPMENT_ASSET_PATHS = "\"Zara/Preview Content\"";
				ENABLE_PREVIEWS = YES;
				GENERATE_INFOPLIST_FILE = YES;
				INFOPLIST_KEY_UIApplicationSceneManifest_Generation = YES;
				INFOPLIST_KEY_UIApplicationSupportsIndirectInputEvents = YES;
				INFOPLIST_KEY_UILaunchScreen_Generation = YES;
				INFOPLIST_KEY_UISupportedInterfaceOrientations_iPad = "UIInterfaceOrientationPortrait UIInterfaceOrientationPortraitUpsideDown UIInterfaceOrientationLandscapeLeft UIInterfaceOrientationLandscapeRight";
				INFOPLIST_KEY_UISupportedInterfaceOrientations_iPhone = "UIInterfaceOrientationPortrait UIInterfaceOrientationLandscapeLeft UIInterfaceOrientationLandscapeRight";
				LD_RUNPATH_SEARCH_PATHS = (
					"$(inherited)",
					"@executable_path/Frameworks",
				);
				MARKETING_VERSION = 1.0;
				PRODUCT_BUNDLE_IDENTIFIER = Xamarin.Zara;
				PRODUCT_NAME = "$(TARGET_NAME)";
				SWIFT_EMIT_LOC_STRINGS = YES;
				SWIFT_VERSION = 5.0;
				TARGETED_DEVICE_FAMILY = "1,2";
			};
			name = Debug;
		};
		132F6B2829ACAECA00E9C767 /* Release */ = {
			isa = XCBuildConfiguration;
			buildSettings = {
				ASSETCATALOG_COMPILER_APPICON_NAME = AppIcon;
				ASSETCATALOG_COMPILER_GLOBAL_ACCENT_COLOR_NAME = AccentColor;
				CODE_SIGN_STYLE = Automatic;
				CURRENT_PROJECT_VERSION = 1;
				DEVELOPMENT_ASSET_PATHS = "\"Zara/Preview Content\"";
				ENABLE_PREVIEWS = YES;
				GENERATE_INFOPLIST_FILE = YES;
				INFOPLIST_KEY_UIApplicationSceneManifest_Generation = YES;
				INFOPLIST_KEY_UIApplicationSupportsIndirectInputEvents = YES;
				INFOPLIST_KEY_UILaunchScreen_Generation = YES;
				INFOPLIST_KEY_UISupportedInterfaceOrientations_iPad = "UIInterfaceOrientationPortrait UIInterfaceOrientationPortraitUpsideDown UIInterfaceOrientationLandscapeLeft UIInterfaceOrientationLandscapeRight";
				INFOPLIST_KEY_UISupportedInterfaceOrientations_iPhone = "UIInterfaceOrientationPortrait UIInterfaceOrientationLandscapeLeft UIInterfaceOrientationLandscapeRight";
				LD_RUNPATH_SEARCH_PATHS = (
					"$(inherited)",
					"@executable_path/Frameworks",
				);
				MARKETING_VERSION = 1.0;
				PRODUCT_BUNDLE_IDENTIFIER = Xamarin.Zara;
				PRODUCT_NAME = "$(TARGET_NAME)";
				SWIFT_EMIT_LOC_STRINGS = YES;
				SWIFT_VERSION = 5.0;
				TARGETED_DEVICE_FAMILY = "1,2";
			};
			name = Release;
		};
		132F6B2A29ACAECA00E9C767 /* Debug */ = {
			isa = XCBuildConfiguration;
			buildSettings = {
				ALWAYS_EMBED_SWIFT_STANDARD_LIBRARIES = YES;
				BUNDLE_LOADER = "$(TEST_HOST)";
				CODE_SIGN_STYLE = Automatic;
				CURRENT_PROJECT_VERSION = 1;
				GENERATE_INFOPLIST_FILE = YES;
				IPHONEOS_DEPLOYMENT_TARGET = 15.5;
				MARKETING_VERSION = 1.0;
				PRODUCT_BUNDLE_IDENTIFIER = Xamarin.ZaraTests;
				PRODUCT_NAME = "$(TARGET_NAME)";
				SWIFT_EMIT_LOC_STRINGS = NO;
				SWIFT_VERSION = 5.0;
				TARGETED_DEVICE_FAMILY = "1,2";
				TEST_HOST = "$(BUILT_PRODUCTS_DIR)/Zara.app/Zara";
			};
			name = Debug;
		};
		132F6B2B29ACAECA00E9C767 /* Release */ = {
			isa = XCBuildConfiguration;
			buildSettings = {
				ALWAYS_EMBED_SWIFT_STANDARD_LIBRARIES = YES;
				BUNDLE_LOADER = "$(TEST_HOST)";
				CODE_SIGN_STYLE = Automatic;
				CURRENT_PROJECT_VERSION = 1;
				GENERATE_INFOPLIST_FILE = YES;
				IPHONEOS_DEPLOYMENT_TARGET = 15.5;
				MARKETING_VERSION = 1.0;
				PRODUCT_BUNDLE_IDENTIFIER = Xamarin.ZaraTests;
				PRODUCT_NAME = "$(TARGET_NAME)";
				SWIFT_EMIT_LOC_STRINGS = NO;
				SWIFT_VERSION = 5.0;
				TARGETED_DEVICE_FAMILY = "1,2";
				TEST_HOST = "$(BUILT_PRODUCTS_DIR)/Zara.app/Zara";
			};
			name = Release;
		};
		132F6B2D29ACAECA00E9C767 /* Debug */ = {
			isa = XCBuildConfiguration;
			buildSettings = {
				ALWAYS_EMBED_SWIFT_STANDARD_LIBRARIES = YES;
				CODE_SIGN_STYLE = Automatic;
				CURRENT_PROJECT_VERSION = 1;
				GENERATE_INFOPLIST_FILE = YES;
				MARKETING_VERSION = 1.0;
				PRODUCT_BUNDLE_IDENTIFIER = Xamarin.ZaraUITests;
				PRODUCT_NAME = "$(TARGET_NAME)";
				SWIFT_EMIT_LOC_STRINGS = NO;
				SWIFT_VERSION = 5.0;
				TARGETED_DEVICE_FAMILY = "1,2";
				TEST_TARGET_NAME = Zara;
			};
			name = Debug;
		};
		132F6B2E29ACAECA00E9C767 /* Release */ = {
			isa = XCBuildConfiguration;
			buildSettings = {
				ALWAYS_EMBED_SWIFT_STANDARD_LIBRARIES = YES;
				CODE_SIGN_STYLE = Automatic;
				CURRENT_PROJECT_VERSION = 1;
				GENERATE_INFOPLIST_FILE = YES;
				MARKETING_VERSION = 1.0;
				PRODUCT_BUNDLE_IDENTIFIER = Xamarin.ZaraUITests;
				PRODUCT_NAME = "$(TARGET_NAME)";
				SWIFT_EMIT_LOC_STRINGS = NO;
				SWIFT_VERSION = 5.0;
				TARGETED_DEVICE_FAMILY = "1,2";
				TEST_TARGET_NAME = Zara;
			};
			name = Release;
		};
/* End XCBuildConfiguration section */

/* Begin XCConfigurationList section */
		132F6AFD29ACAEC700E9C767 /* Build configuration list for PBXProject "Zara" */ = {
			isa = XCConfigurationList;
			buildConfigurations = (
				132F6B2429ACAECA00E9C767 /* Debug */,
				132F6B2529ACAECA00E9C767 /* Release */,
			);
			defaultConfigurationIsVisible = 0;
			defaultConfigurationName = Release;
		};
		132F6B2629ACAECA00E9C767 /* Build configuration list for PBXNativeTarget "Zara" */ = {
			isa = XCConfigurationList;
			buildConfigurations = (
				132F6B2729ACAECA00E9C767 /* Debug */,
				132F6B2829ACAECA00E9C767 /* Release */,
			);
			defaultConfigurationIsVisible = 0;
			defaultConfigurationName = Release;
		};
		132F6B2929ACAECA00E9C767 /* Build configuration list for PBXNativeTarget "ZaraTests" */ = {
			isa = XCConfigurationList;
			buildConfigurations = (
				132F6B2A29ACAECA00E9C767 /* Debug */,
				132F6B2B29ACAECA00E9C767 /* Release */,
			);
			defaultConfigurationIsVisible = 0;
			defaultConfigurationName = Release;
		};
		132F6B2C29ACAECA00E9C767 /* Build configuration list for PBXNativeTarget "ZaraUITests" */ = {
			isa = XCConfigurationList;
			buildConfigurations = (
				132F6B2D29ACAECA00E9C767 /* Debug */,
				132F6B2E29ACAECA00E9C767 /* Release */,
			);
			defaultConfigurationIsVisible = 0;
			defaultConfigurationName = Release;
		};
/* End XCConfigurationList section */
	};
	rootObject = 132F6AFA29ACAEC700E9C767 /* Project object */;
}
